PODS:
  - Nimble (9.0.0)
  - Quick (3.0.0)
  - Spry (3.3.0)
  - "Spry+Nimble (3.3.0)":
    - Nimble (>= 9.0.0)
    - Spry (= 3.3.0)

DEPENDENCIES:
  - Nimble
  - Quick
  - Spry (from `./../`)
  - "Spry+Nimble (from `./../`)"

SPEC REPOS:
  trunk:
    - Nimble
    - Quick

EXTERNAL SOURCES:
  Spry:
    :path: "./../"
  "Spry+Nimble":
    :path: "./../"

SPEC CHECKSUMS:
  Nimble: 3b4ec3fd40f1dc178058e0981107721c615643d8
  Quick: 6d9559f40647bc4d510103842ef2fdd882d753e2
  Spry: 281af1242b2b327f18c6c80842954d16f1756390
  "Spry+Nimble": 0c1433e9c2d7ac77205f9edc68a0162726da32ab

PODFILE CHECKSUM: 74fc83fe819ed38719afb609c923be4bff79e626

COCOAPODS: 1.10.0
